# This file is automatically @generated by Cargo.
# It is not intended for manual editing.
version = 4

[[package]]
name = "sure-cli"
version = "0.0.0-bootstrap"
dependencies = [
 "sure-core",
]

[[package]]
name = "sure-core"
version = "0.0.0-bootstrap"
dependencies = [
 "sure-domain",
 "sure-protocol",
]

[[package]]
name = "sure-domain"
version = "0.0.0-bootstrap"

[[package]]
name = "sure-protocol"
version = "0.0.0-bootstrap"

[[package]]
name = "sure-testkit"
version = "0.0.0-bootstrap"
